
Microsoft Visual Studio Solution File, Format Version 11.00
# Visual Studio 2010
Project("{8BC9CEB8-8B4A-11D0-8D11-00A0C91BC942}") = "cz2002lab5", "cz2002lab5\cz2002lab5.vcxproj", "{4AFD033D-F1A4-4629-8A97-569F37EE7635}"
EndProject
Global
	GlobalSection(SolutionConfigurationPlatforms) = preSolution
		Debug|Win32 = Debug|Win32
		Release|Win32 = Release|Win32
	EndGlobalSection
	GlobalSection(ProjectConfigurationPlatforms) = postSolution
		{4AFD033D-F1A4-4629-8A97-569F37EE7635}.Debug|Win32.ActiveCfg = Debug|Win32
		{4AFD033D-F1A4-4629-8A97-569F37EE7635}.Debug|Win32.Build.0 = Debug|Win32
		{4AFD033D-F1A4-4629-8A97-569F37EE7635}.Release|Win32.ActiveCfg = Release|Win32
		{4AFD033D-F1A4-4629-8A97-569F37EE7635}.Release|Win32.Build.0 = Release|Win32
	EndGlobalSection
	GlobalSection(SolutionProperties) = preSolution
		HideSolutionNode = FALSE
	EndGlobalSection
EndGlobal
